
Microsoft Visual Studio Solution File, Format Version 12.00
# Visual Studio Version 17
VisualStudioVersion = 17.13.35913.81
MinimumVisualStudioVersion = 10.0.40219.1
Project("{FAE04EC0-301F-11D3-BF4B-00C04F79EFBC}") = "GotorzApp", "GotorzApp\GotorzApp.csproj", "{DEE38A22-2230-41B9-B069-58A91B70D4D2}"
EndProject
Project("{FAE04EC0-301F-11D3-BF4B-00C04F79EFBC}") = "GotorzApp.Client", "GotorzApp.Client\GotorzApp.Client.csproj", "{90B19D32-C30F-42C3-8DA9-DD8A5590947B}"
EndProject
Project("{FAE04EC0-301F-11D3-BF4B-00C04F79EFBC}") = "Shared", "Shared\Shared.csproj", "{22F72E50-B86A-48A6-4252-6FDC98C636E8}"
EndProject
Project("{FAE04EC0-301F-11D3-BF4B-00C04F79EFBC}") = "ModelsTesting", "ModelsTesting\ModelsTesting.csproj", "{D90E99BD-2E91-F4E9-FC5D-190B9DCA5D94}"
EndProject
Global
	GlobalSection(SolutionConfigurationPlatforms) = preSolution
		Debug|Any CPU = Debug|Any CPU
		Release|Any CPU = Release|Any CPU
	EndGlobalSection
	GlobalSection(ProjectConfigurationPlatforms) = postSolution
		{DEE38A22-2230-41B9-B069-58A91B70D4D2}.Debug|Any CPU.ActiveCfg = Debug|Any CPU
		{DEE38A22-2230-41B9-B069-58A91B70D4D2}.Debug|Any CPU.Build.0 = Debug|Any CPU
		{DEE38A22-2230-41B9-B069-58A91B70D4D2}.Release|Any CPU.ActiveCfg = Release|Any CPU
		{DEE38A22-2230-41B9-B069-58A91B70D4D2}.Release|Any CPU.Build.0 = Release|Any CPU
		{90B19D32-C30F-42C3-8DA9-DD8A5590947B}.Debug|Any CPU.ActiveCfg = Debug|Any CPU
		{90B19D32-C30F-42C3-8DA9-DD8A5590947B}.Debug|Any CPU.Build.0 = Debug|Any CPU
		{90B19D32-C30F-42C3-8DA9-DD8A5590947B}.Release|Any CPU.ActiveCfg = Release|Any CPU
		{90B19D32-C30F-42C3-8DA9-DD8A5590947B}.Release|Any CPU.Build.0 = Release|Any CPU
		{22F72E50-B86A-48A6-4252-6FDC98C636E8}.Debug|Any CPU.ActiveCfg = Debug|Any CPU
		{22F72E50-B86A-48A6-4252-6FDC98C636E8}.Debug|Any CPU.Build.0 = Debug|Any CPU
		{22F72E50-B86A-48A6-4252-6FDC98C636E8}.Release|Any CPU.ActiveCfg = Release|Any CPU
		{22F72E50-B86A-48A6-4252-6FDC98C636E8}.Release|Any CPU.Build.0 = Release|Any CPU
		{D90E99BD-2E91-F4E9-FC5D-190B9DCA5D94}.Debug|Any CPU.ActiveCfg = Debug|Any CPU
		{D90E99BD-2E91-F4E9-FC5D-190B9DCA5D94}.Debug|Any CPU.Build.0 = Debug|Any CPU
		{D90E99BD-2E91-F4E9-FC5D-190B9DCA5D94}.Release|Any CPU.ActiveCfg = Release|Any CPU
		{D90E99BD-2E91-F4E9-FC5D-190B9DCA5D94}.Release|Any CPU.Build.0 = Release|Any CPU
	EndGlobalSection
	GlobalSection(SolutionProperties) = preSolution
		HideSolutionNode = FALSE
	EndGlobalSection
	GlobalSection(ExtensibilityGlobals) = postSolution
		SolutionGuid = {C9FE17C0-F4FD-4D2E-84CB-668CDECDF8B0}
	EndGlobalSection
EndGlobal
