Microsoft Visual Studio Solution File, Format Version 12.00
# Visual Studio Version 17
VisualStudioVersion = 17.13.35818.85 d17.13
MinimumVisualStudioVersion = 10.0.40219.1
Project("{FAE04EC0-301F-11D3-BF4B-00C04F79EFBC}") = "GoTorz.AppHost", "GoTorz.AppHost\GoTorz.AppHost.csproj", "{17FBA772-A7E2-41F4-A792-945CAE3CFFA7}"
EndProject
Project("{FAE04EC0-301F-11D3-BF4B-00C04F79EFBC}") = "GoTorz.ServiceDefaults", "GoTorz.ServiceDefaults\GoTorz.ServiceDefaults.csproj", "{F798D74E-E190-4E1F-3B48-5C70F790AB02}"
EndProject
Project("{FAE04EC0-301F-11D3-BF4B-00C04F79EFBC}") = "GoTorz.ApiService", "GoTorz.ApiService\GoTorz.ApiService.csproj", "{8C66DAF6-4610-E3D4-5944-FC3289CD96BA}"
EndProject
Project("{FAE04EC0-301F-11D3-BF4B-00C04F79EFBC}") = "GoTorz.Web", "GoTorz.Web\GoTorz.Web.csproj", "{2D7F4145-69D1-C167-53F4-2FCF6C9F7673}"
EndProject
Global
	GlobalSection(SolutionConfigurationPlatforms) = preSolution
		Debug|Any CPU = Debug|Any CPU
		Release|Any CPU = Release|Any CPU
	EndGlobalSection
	GlobalSection(ProjectConfigurationPlatforms) = postSolution
		{17FBA772-A7E2-41F4-A792-945CAE3CFFA7}.Debug|Any CPU.ActiveCfg = Debug|Any CPU
		{17FBA772-A7E2-41F4-A792-945CAE3CFFA7}.Debug|Any CPU.Build.0 = Debug|Any CPU
		{17FBA772-A7E2-41F4-A792-945CAE3CFFA7}.Release|Any CPU.ActiveCfg = Release|Any CPU
		{17FBA772-A7E2-41F4-A792-945CAE3CFFA7}.Release|Any CPU.Build.0 = Release|Any CPU
		{F798D74E-E190-4E1F-3B48-5C70F790AB02}.Debug|Any CPU.ActiveCfg = Debug|Any CPU
		{F798D74E-E190-4E1F-3B48-5C70F790AB02}.Debug|Any CPU.Build.0 = Debug|Any CPU
		{F798D74E-E190-4E1F-3B48-5C70F790AB02}.Release|Any CPU.ActiveCfg = Release|Any CPU
		{F798D74E-E190-4E1F-3B48-5C70F790AB02}.Release|Any CPU.Build.0 = Release|Any CPU
		{8C66DAF6-4610-E3D4-5944-FC3289CD96BA}.Debug|Any CPU.ActiveCfg = Debug|Any CPU
		{8C66DAF6-4610-E3D4-5944-FC3289CD96BA}.Debug|Any CPU.Build.0 = Debug|Any CPU
		{8C66DAF6-4610-E3D4-5944-FC3289CD96BA}.Release|Any CPU.ActiveCfg = Release|Any CPU
		{8C66DAF6-4610-E3D4-5944-FC3289CD96BA}.Release|Any CPU.Build.0 = Release|Any CPU
		{2D7F4145-69D1-C167-53F4-2FCF6C9F7673}.Debug|Any CPU.ActiveCfg = Debug|Any CPU
		{2D7F4145-69D1-C167-53F4-2FCF6C9F7673}.Debug|Any CPU.Build.0 = Debug|Any CPU
		{2D7F4145-69D1-C167-53F4-2FCF6C9F7673}.Release|Any CPU.ActiveCfg = Release|Any CPU
		{2D7F4145-69D1-C167-53F4-2FCF6C9F7673}.Release|Any CPU.Build.0 = Release|Any CPU
	EndGlobalSection
	GlobalSection(SolutionProperties) = preSolution
		HideSolutionNode = FALSE
	EndGlobalSection
	GlobalSection(ExtensibilityGlobals) = postSolution
		SolutionGuid = {ED0071AB-ADC2-4445-85E4-3776E1E4171F}
	EndGlobalSection
EndGlobal
